
Microsoft Visual Studio Solution File, Format Version 12.00
# Visual Studio 15
VisualStudioVersion = 15.0.28307.1585
MinimumVisualStudioVersion = 10.0.40219.1
Project("{F184B08F-C81C-45F6-A57F-5ABD9991F28F}") = "AXCPIASA", "AXCVDE\AXCPIASA.vbproj", "{9F70E8B5-FD09-4145-A5C6-DAC10F11F22C}"
EndProject
Project("{54435603-DBB4-11D2-8724-00A0C9A8B90C}") = "InstaladorEtiquetasPiasa", "..\InstaladorEtiquetasPiasa\InstaladorEtiquetasPiasa.vdproj", "{B47380C8-70A6-498D-B425-8C20FEA45A4F}"
EndProject
Global
	GlobalSection(SolutionConfigurationPlatforms) = preSolution
		Debug|Any CPU = Debug|Any CPU
		Debug|x86 = Debug|x86
		Release|Any CPU = Release|Any CPU
		Release|x86 = Release|x86
	EndGlobalSection
	GlobalSection(ProjectConfigurationPlatforms) = postSolution
		{9F70E8B5-FD09-4145-A5C6-DAC10F11F22C}.Debug|Any CPU.ActiveCfg = Debug|Any CPU
		{9F70E8B5-FD09-4145-A5C6-DAC10F11F22C}.Debug|Any CPU.Build.0 = Debug|Any CPU
		{9F70E8B5-FD09-4145-A5C6-DAC10F11F22C}.Debug|x86.ActiveCfg = Debug|x86
		{9F70E8B5-FD09-4145-A5C6-DAC10F11F22C}.Debug|x86.Build.0 = Debug|x86
		{9F70E8B5-FD09-4145-A5C6-DAC10F11F22C}.Release|Any CPU.ActiveCfg = Release|Any CPU
		{9F70E8B5-FD09-4145-A5C6-DAC10F11F22C}.Release|Any CPU.Build.0 = Release|Any CPU
		{9F70E8B5-FD09-4145-A5C6-DAC10F11F22C}.Release|x86.ActiveCfg = Release|x86
		{9F70E8B5-FD09-4145-A5C6-DAC10F11F22C}.Release|x86.Build.0 = Release|x86
		{B47380C8-70A6-498D-B425-8C20FEA45A4F}.Debug|Any CPU.ActiveCfg = Debug
		{B47380C8-70A6-498D-B425-8C20FEA45A4F}.Debug|x86.ActiveCfg = Debug
		{B47380C8-70A6-498D-B425-8C20FEA45A4F}.Release|Any CPU.ActiveCfg = Release
		{B47380C8-70A6-498D-B425-8C20FEA45A4F}.Release|x86.ActiveCfg = Release
	EndGlobalSection
	GlobalSection(SolutionProperties) = preSolution
		HideSolutionNode = FALSE
	EndGlobalSection
	GlobalSection(ExtensibilityGlobals) = postSolution
		SolutionGuid = {B65B540E-DED8-4F7B-9E30-676877B53261}
	EndGlobalSection
EndGlobal
